
Microsoft Visual Studio Solution File, Format Version 12.00
# Visual Studio Version 18
VisualStudioVersion = 18.2.11415.280
MinimumVisualStudioVersion = 10.0.40219.1
Project("{2150E333-8FDC-42A3-9474-1A3956D46DE8}") = "src", "src", "{6748E114-BC71-4FAF-A8D2-E54B74FA3452}"
EndProject
Project("{2150E333-8FDC-42A3-9474-1A3956D46DE8}") = "tests", "tests", "{1DF74FCA-6503-47CD-8DC2-6020754C0C76}"
EndProject
Project("{2150E333-8FDC-42A3-9474-1A3956D46DE8}") = "Backend", "Backend", "{749A9FE2-FA19-4D32-AFDC-82644F4C37C8}"
EndProject
Project("{2150E333-8FDC-42A3-9474-1A3956D46DE8}") = "Frontend", "Frontend", "{4D6BA897-CBE5-4E28-AF71-3F008C62C96C}"
EndProject
Project("{54A90642-561A-4BB1-A94E-469ADEE60C69}") = "SFC.Frontend", "src\Frontend\SFC.Frontend\SFC.Frontend.esproj", "{3B842231-2A99-4DDC-92AF-B3D2A6EE1845}"
EndProject
Project("{9A19103F-16F7-4668-BE54-9A1E7A4F7556}") = "SFC.Backend", "src\Backend\SFC.Backend\SFC.Backend.csproj", "{EAEBCB8D-060B-4738-8DEB-CCBBB5DD3C3D}"
EndProject
Project("{2150E333-8FDC-42A3-9474-1A3956D46DE8}") = "Solution Items", "Solution Items", "{5CFB1D4F-9C45-4C97-AC14-A3553B809711}"
	ProjectSection(SolutionItems) = preProject
		.dockerignore = .dockerignore
		.editorconfig = .editorconfig
		.gitattributes = .gitattributes
		.gitignore = .gitignore
		Directory.Build.props = Directory.Build.props
		.config\dotnet-tools.json = .config\dotnet-tools.json
		global.json = global.json
		nuget.config = nuget.config
	EndProjectSection
EndProject
Project("{2150E333-8FDC-42A3-9474-1A3956D46DE8}") = "Core", "Core", "{1E39863F-CEDE-4F2C-AFB3-3A619A39A001}"
EndProject
Project("{9A19103F-16F7-4668-BE54-9A1E7A4F7556}") = "SFC.Bff.Domain", "src\Core\SFC.Bff.Domain\SFC.Bff.Domain.csproj", "{BF3486DD-F2FD-4FD9-8E39-B63C0E1B8F2E}"
EndProject
Project("{9A19103F-16F7-4668-BE54-9A1E7A4F7556}") = "SFC.Bff.Application", "src\Core\SFC.Bff.Application\SFC.Bff.Application.csproj", "{31CC9776-AF63-449E-8E83-8F11ED59B516}"
EndProject
Project("{2150E333-8FDC-42A3-9474-1A3956D46DE8}") = "Infrastructure", "Infrastructure", "{2FDFDF38-CFAE-44F4-B34B-3A045053810F}"
EndProject
Project("{9A19103F-16F7-4668-BE54-9A1E7A4F7556}") = "SFC.Bff.Infrastructure", "src\Infrastructure\SFC.Bff.Infrastructure\SFC.Bff.Infrastructure.csproj", "{6208A69E-7530-41F7-8EF9-ED33AA2906C0}"
EndProject
Project("{9A19103F-16F7-4668-BE54-9A1E7A4F7556}") = "SFC.Bff.Infrastructure.UnitTests", "tests\SFC.Bff.Infrastructure.UnitTests\SFC.Bff.Infrastructure.UnitTests.csproj", "{FB61F31B-C838-46CA-BD92-09E92E41871C}"
EndProject
Project("{2150E333-8FDC-42A3-9474-1A3956D46DE8}") = ".github", ".github", "{F32B611C-BD25-4E54-9402-9CB8D6DD2F19}"
EndProject
Project("{2150E333-8FDC-42A3-9474-1A3956D46DE8}") = "workflows", "workflows", "{BBDEE3FC-A4CD-424F-A81E-C64BB7CE1BAC}"
	ProjectSection(SolutionItems) = preProject
		.github\workflows\configuration.yml = .github\workflows\configuration.yml
	EndProjectSection
EndProject
Project("{2150E333-8FDC-42A3-9474-1A3956D46DE8}") = ".husky", ".husky", "{9D5B84EF-ED3A-4D29-89EC-04A846BE3C85}"
	ProjectSection(SolutionItems) = preProject
		.husky\task-runner.json = .husky\task-runner.json
	EndProjectSection
EndProject
Project("{2150E333-8FDC-42A3-9474-1A3956D46DE8}") = "hooks", "hooks", "{C854633D-17C6-48A2-BC9C-202D918558F3}"
	ProjectSection(SolutionItems) = preProject
		.husky\pre-commit = .husky\pre-commit
		.husky\pre-push = .husky\pre-push
	EndProjectSection
EndProject
Project("{2150E333-8FDC-42A3-9474-1A3956D46DE8}") = "tools", "tools", "{B28D28B9-BD77-4BF9-9C92-DBCD53A6160C}"
	ProjectSection(SolutionItems) = preProject
		tools\down.ps1 = tools\down.ps1
		tools\generate-service-certificate.sh = tools\generate-service-certificate.sh
		tools\post-action.cmd = tools\post-action.cmd
		tools\post-script.ps1 = tools\post-script.ps1
		tools\pre-script.ps1 = tools\pre-script.ps1
		tools\up.ps1 = tools\up.ps1
	EndProjectSection
EndProject
Project("{2150E333-8FDC-42A3-9474-1A3956D46DE8}") = "environments", "environments", "{02EA681E-C7D8-13C7-8484-4AC65E1B71E8}"
EndProject
Project("{2150E333-8FDC-42A3-9474-1A3956D46DE8}") = "api", "api", "{FECBFBB3-FC8B-4EA9-80E4-C418805F2EF9}"
	ProjectSection(SolutionItems) = preProject
		environments\api\api.Development.env = environments\api\api.Development.env
		environments\api\api.Production.env = environments\api\api.Production.env
	EndProjectSection
EndProject
Project("{2150E333-8FDC-42A3-9474-1A3956D46DE8}") = "mssql", "mssql", "{76B2E018-C438-4C78-9C82-090704A2A16C}"
	ProjectSection(SolutionItems) = preProject
		environments\mssql\mssql.Development.env = environments\mssql\mssql.Development.env
		environments\mssql\mssql.Production.env = environments\mssql\mssql.Production.env
	EndProjectSection
EndProject
Project("{2150E333-8FDC-42A3-9474-1A3956D46DE8}") = "rabbitmq", "rabbitmq", "{FD58330D-F0E7-4C76-AED1-FC2DFDF69FC5}"
	ProjectSection(SolutionItems) = preProject
		environments\rabbitmq\rabbitmq.Development.env = environments\rabbitmq\rabbitmq.Development.env
		environments\rabbitmq\rabbitmq.Production.env = environments\rabbitmq\rabbitmq.Production.env
	EndProjectSection
EndProject
Project("{2150E333-8FDC-42A3-9474-1A3956D46DE8}") = "redis", "redis", "{858BFBB9-BF91-4566-AD12-20735BC90C05}"
	ProjectSection(SolutionItems) = preProject
		environments\redis\redis.Development.env = environments\redis\redis.Development.env
		environments\redis\redis.Production.env = environments\redis\redis.Production.env
	EndProjectSection
EndProject
Project("{E53339B2-1760-4266-BCC7-CA923CBCF16C}") = "docker-compose", "docker-compose.dcproj", "{81DDED9D-158B-E303-5F62-77A2896D2A5A}"
EndProject
Project("{2150E333-8FDC-42A3-9474-1A3956D46DE8}") = "scripts", "scripts", "{95E56FA7-A29E-47C6-B303-0D1EC2B0CBA0}"
EndProject
Project("{2150E333-8FDC-42A3-9474-1A3956D46DE8}") = "mssql", "mssql", "{413E1A36-B570-4E2C-99D2-6A9D461432A5}"
	ProjectSection(SolutionItems) = preProject
		scripts\mssql\create_hangfire_database.sql = scripts\mssql\create_hangfire_database.sql
		scripts\mssql\create_sfc_login.sql = scripts\mssql\create_sfc_login.sql
		scripts\mssql\entrypoint.mssql.sh = scripts\mssql\entrypoint.mssql.sh
		scripts\mssql\init.sql = scripts\mssql\init.sql
	EndProjectSection
EndProject
Project("{2150E333-8FDC-42A3-9474-1A3956D46DE8}") = "nginx", "nginx", "{126CC671-4458-4183-86A7-54A2814CA964}"
	ProjectSection(SolutionItems) = preProject
		nginx\nginx.conf = nginx\nginx.conf
	EndProjectSection
EndProject
Project("{2150E333-8FDC-42A3-9474-1A3956D46DE8}") = "conf.d", "conf.d", "{65BB694C-7BAD-4C0B-8BC1-645D7768017E}"
	ProjectSection(SolutionItems) = preProject
		nginx\conf.d\redirect.conf = nginx\conf.d\redirect.conf
		nginx\conf.d\sfc-bff.conf = nginx\conf.d\sfc-bff.conf
		nginx\conf.d\sfc-data.conf = nginx\conf.d\sfc-data.conf
		nginx\conf.d\sfc-identity.conf = nginx\conf.d\sfc-identity.conf
		nginx\conf.d\sfc-invite.conf = nginx\conf.d\sfc-invite.conf
		nginx\conf.d\sfc-player.conf = nginx\conf.d\sfc-player.conf
		nginx\conf.d\sfc-request.conf = nginx\conf.d\sfc-request.conf
		nginx\conf.d\sfc-scheme.conf = nginx\conf.d\sfc-scheme.conf
		nginx\conf.d\sfc-team.conf = nginx\conf.d\sfc-team.conf
		nginx\conf.d\upstreams.conf = nginx\conf.d\upstreams.conf
		nginx\conf.d\_proxy-common.conf = nginx\conf.d\_proxy-common.conf
	EndProjectSection
EndProject
Project("{2150E333-8FDC-42A3-9474-1A3956D46DE8}") = "helm", "helm", "{4779C608-DAAF-4C11-BFBF-D29FAB8CC015}"
	ProjectSection(SolutionItems) = preProject
		helm\.helmignore = helm\.helmignore
		helm\Chart.yaml = helm\Chart.yaml
		helm\values.yaml = helm\values.yaml
	EndProjectSection
EndProject
Project("{2150E333-8FDC-42A3-9474-1A3956D46DE8}") = "templates", "templates", "{ADA3BD61-8F80-45C5-B418-DE078DE100CE}"
	ProjectSection(SolutionItems) = preProject
		helm\templates\cluster-service.yaml = helm\templates\cluster-service.yaml
		helm\templates\config-map.yaml = helm\templates\config-map.yaml
		helm\templates\deployment.yaml = helm\templates\deployment.yaml
		helm\templates\ingress-secret.yaml = helm\templates\ingress-secret.yaml
		helm\templates\ingress-tls-secret.yaml = helm\templates\ingress-tls-secret.yaml
		helm\templates\ingress.yaml = helm\templates\ingress.yaml
		helm\templates\network-policy.yaml = helm\templates\network-policy.yaml
		helm\templates\pod-disruption-budget.yaml = helm\templates\pod-disruption-budget.yaml
		helm\templates\role-binding.yaml = helm\templates\role-binding.yaml
		helm\templates\role.yaml = helm\templates\role.yaml
		helm\templates\secret.yaml = helm\templates\secret.yaml
		helm\templates\service-account.yaml = helm\templates\service-account.yaml
	EndProjectSection
EndProject
Project("{2150E333-8FDC-42A3-9474-1A3956D46DE8}") = "charts", "charts", "{C96D835B-5441-4147-99F8-1B3672D2DE6C}"
EndProject
Project("{2150E333-8FDC-42A3-9474-1A3956D46DE8}") = "redis", "redis", "{2051C0EE-08F1-449A-9B18-26FAB24C0F0C}"
	ProjectSection(SolutionItems) = preProject
		helm\charts\redis\Chart.yaml = helm\charts\redis\Chart.yaml
		helm\charts\redis\values.yaml = helm\charts\redis\values.yaml
	EndProjectSection
EndProject
Project("{2150E333-8FDC-42A3-9474-1A3956D46DE8}") = "templates", "templates", "{E98349B6-1560-4FA0-A9ED-829CB2141B11}"
	ProjectSection(SolutionItems) = preProject
		helm\charts\redis\templates\redis.cluster-service.yaml = helm\charts\redis\templates\redis.cluster-service.yaml
		helm\charts\redis\templates\redis.config-map.yaml = helm\charts\redis\templates\redis.config-map.yaml
		helm\charts\redis\templates\redis.network-policy.yaml = helm\charts\redis\templates\redis.network-policy.yaml
		helm\charts\redis\templates\redis.persistent-volume.yaml = helm\charts\redis\templates\redis.persistent-volume.yaml
		helm\charts\redis\templates\redis.pod-disruption-budget.yaml = helm\charts\redis\templates\redis.pod-disruption-budget.yaml
		helm\charts\redis\templates\redis.secret.yaml = helm\charts\redis\templates\redis.secret.yaml
		helm\charts\redis\templates\redis.stateful-set.yaml = helm\charts\redis\templates\redis.stateful-set.yaml
		helm\charts\redis\templates\redis.storage-class.yaml = helm\charts\redis\templates\redis.storage-class.yaml
	EndProjectSection
EndProject
Project("{2150E333-8FDC-42A3-9474-1A3956D46DE8}") = "mssql", "mssql", "{0E9D1189-AEC2-46A6-9E3C-4A9BBF1EFD99}"
	ProjectSection(SolutionItems) = preProject
		helm\charts\mssql\Chart.yaml = helm\charts\mssql\Chart.yaml
		helm\charts\mssql\values.yaml = helm\charts\mssql\values.yaml
	EndProjectSection
EndProject
Project("{2150E333-8FDC-42A3-9474-1A3956D46DE8}") = "rabbitmq", "rabbitmq", "{DE553D4A-CAB7-4A8D-B075-6AC5C4A001A4}"
	ProjectSection(SolutionItems) = preProject
		helm\charts\rabbitmq\Chart.yaml = helm\charts\rabbitmq\Chart.yaml
		helm\charts\rabbitmq\values.yaml = helm\charts\rabbitmq\values.yaml
	EndProjectSection
EndProject
Project("{2150E333-8FDC-42A3-9474-1A3956D46DE8}") = "common", "common", "{FA7A462C-7BB4-4F33-9343-11BEF9F33EC5}"
	ProjectSection(SolutionItems) = preProject
		helm\charts\common\Chart.yaml = helm\charts\common\Chart.yaml
		helm\charts\common\values.yaml = helm\charts\common\values.yaml
	EndProjectSection
EndProject
Project("{2150E333-8FDC-42A3-9474-1A3956D46DE8}") = "templates", "templates", "{BBC16307-A82A-4FDF-B78A-CB3344995D73}"
	ProjectSection(SolutionItems) = preProject
		helm\charts\common\templates\limit-range.yaml = helm\charts\common\templates\limit-range.yaml
		helm\charts\common\templates\namespace.yaml = helm\charts\common\templates\namespace.yaml
		helm\charts\common\templates\network-policy.yaml = helm\charts\common\templates\network-policy.yaml
		helm\charts\common\templates\resource-quota.yaml = helm\charts\common\templates\resource-quota.yaml
	EndProjectSection
EndProject
Project("{2150E333-8FDC-42A3-9474-1A3956D46DE8}") = "templates", "templates", "{273E7B68-20D8-41CA-B9C8-E21678429EFD}"
	ProjectSection(SolutionItems) = preProject
		helm\charts\mssql\templates\mssql.cluster-service.yaml = helm\charts\mssql\templates\mssql.cluster-service.yaml
		helm\charts\mssql\templates\mssql.config-map.yaml = helm\charts\mssql\templates\mssql.config-map.yaml
		helm\charts\mssql\templates\mssql.job-config-map.yaml = helm\charts\mssql\templates\mssql.job-config-map.yaml
		helm\charts\mssql\templates\mssql.job-network-policy.yaml = helm\charts\mssql\templates\mssql.job-network-policy.yaml
		helm\charts\mssql\templates\mssql.job.yaml = helm\charts\mssql\templates\mssql.job.yaml
		helm\charts\mssql\templates\mssql.network-policy.yaml = helm\charts\mssql\templates\mssql.network-policy.yaml
		helm\charts\mssql\templates\mssql.persistent-volume.yaml = helm\charts\mssql\templates\mssql.persistent-volume.yaml
		helm\charts\mssql\templates\mssql.pod-disruption-budget.yaml = helm\charts\mssql\templates\mssql.pod-disruption-budget.yaml
		helm\charts\mssql\templates\mssql.secret.yaml = helm\charts\mssql\templates\mssql.secret.yaml
		helm\charts\mssql\templates\mssql.stateful-set.yaml = helm\charts\mssql\templates\mssql.stateful-set.yaml
		helm\charts\mssql\templates\mssql.storage-class.yaml = helm\charts\mssql\templates\mssql.storage-class.yaml
	EndProjectSection
EndProject
Project("{2150E333-8FDC-42A3-9474-1A3956D46DE8}") = "templates", "templates", "{27BAD043-9D23-4EAC-A957-08CB4C8163B2}"
	ProjectSection(SolutionItems) = preProject
		helm\charts\rabbitmq\templates\rabbitmq.cluster-service.yaml = helm\charts\rabbitmq\templates\rabbitmq.cluster-service.yaml
		helm\charts\rabbitmq\templates\rabbitmq.config-map.yaml = helm\charts\rabbitmq\templates\rabbitmq.config-map.yaml
		helm\charts\rabbitmq\templates\rabbitmq.network-policy.yaml = helm\charts\rabbitmq\templates\rabbitmq.network-policy.yaml
		helm\charts\rabbitmq\templates\rabbitmq.persistent-volume.yaml = helm\charts\rabbitmq\templates\rabbitmq.persistent-volume.yaml
		helm\charts\rabbitmq\templates\rabbitmq.pod-disruption-budget.yaml = helm\charts\rabbitmq\templates\rabbitmq.pod-disruption-budget.yaml
		helm\charts\rabbitmq\templates\rabbitmq.secret.yaml = helm\charts\rabbitmq\templates\rabbitmq.secret.yaml
		helm\charts\rabbitmq\templates\rabbitmq.stateful-set.yaml = helm\charts\rabbitmq\templates\rabbitmq.stateful-set.yaml
		helm\charts\rabbitmq\templates\rabbitmq.storage-class.yaml = helm\charts\rabbitmq\templates\rabbitmq.storage-class.yaml
	EndProjectSection
EndProject
Global
	GlobalSection(SolutionConfigurationPlatforms) = preSolution
		Debug|Any CPU = Debug|Any CPU
		Release|Any CPU = Release|Any CPU
	EndGlobalSection
	GlobalSection(ProjectConfigurationPlatforms) = postSolution
		{3B842231-2A99-4DDC-92AF-B3D2A6EE1845}.Debug|Any CPU.ActiveCfg = Debug|Any CPU
		{3B842231-2A99-4DDC-92AF-B3D2A6EE1845}.Debug|Any CPU.Build.0 = Debug|Any CPU
		{3B842231-2A99-4DDC-92AF-B3D2A6EE1845}.Debug|Any CPU.Deploy.0 = Debug|Any CPU
		{3B842231-2A99-4DDC-92AF-B3D2A6EE1845}.Release|Any CPU.ActiveCfg = Release|Any CPU
		{3B842231-2A99-4DDC-92AF-B3D2A6EE1845}.Release|Any CPU.Build.0 = Release|Any CPU
		{3B842231-2A99-4DDC-92AF-B3D2A6EE1845}.Release|Any CPU.Deploy.0 = Release|Any CPU
		{EAEBCB8D-060B-4738-8DEB-CCBBB5DD3C3D}.Debug|Any CPU.ActiveCfg = Debug|Any CPU
		{EAEBCB8D-060B-4738-8DEB-CCBBB5DD3C3D}.Debug|Any CPU.Build.0 = Debug|Any CPU
		{EAEBCB8D-060B-4738-8DEB-CCBBB5DD3C3D}.Release|Any CPU.ActiveCfg = Release|Any CPU
		{EAEBCB8D-060B-4738-8DEB-CCBBB5DD3C3D}.Release|Any CPU.Build.0 = Release|Any CPU
		{BF3486DD-F2FD-4FD9-8E39-B63C0E1B8F2E}.Debug|Any CPU.ActiveCfg = Debug|Any CPU
		{BF3486DD-F2FD-4FD9-8E39-B63C0E1B8F2E}.Debug|Any CPU.Build.0 = Debug|Any CPU
		{BF3486DD-F2FD-4FD9-8E39-B63C0E1B8F2E}.Release|Any CPU.ActiveCfg = Release|Any CPU
		{BF3486DD-F2FD-4FD9-8E39-B63C0E1B8F2E}.Release|Any CPU.Build.0 = Release|Any CPU
		{31CC9776-AF63-449E-8E83-8F11ED59B516}.Debug|Any CPU.ActiveCfg = Debug|Any CPU
		{31CC9776-AF63-449E-8E83-8F11ED59B516}.Debug|Any CPU.Build.0 = Debug|Any CPU
		{31CC9776-AF63-449E-8E83-8F11ED59B516}.Release|Any CPU.ActiveCfg = Release|Any CPU
		{31CC9776-AF63-449E-8E83-8F11ED59B516}.Release|Any CPU.Build.0 = Release|Any CPU
		{6208A69E-7530-41F7-8EF9-ED33AA2906C0}.Debug|Any CPU.ActiveCfg = Debug|Any CPU
		{6208A69E-7530-41F7-8EF9-ED33AA2906C0}.Debug|Any CPU.Build.0 = Debug|Any CPU
		{6208A69E-7530-41F7-8EF9-ED33AA2906C0}.Release|Any CPU.ActiveCfg = Release|Any CPU
		{6208A69E-7530-41F7-8EF9-ED33AA2906C0}.Release|Any CPU.Build.0 = Release|Any CPU
		{FB61F31B-C838-46CA-BD92-09E92E41871C}.Debug|Any CPU.ActiveCfg = Debug|Any CPU
		{FB61F31B-C838-46CA-BD92-09E92E41871C}.Debug|Any CPU.Build.0 = Debug|Any CPU
		{FB61F31B-C838-46CA-BD92-09E92E41871C}.Release|Any CPU.ActiveCfg = Release|Any CPU
		{FB61F31B-C838-46CA-BD92-09E92E41871C}.Release|Any CPU.Build.0 = Release|Any CPU
		{81DDED9D-158B-E303-5F62-77A2896D2A5A}.Debug|Any CPU.ActiveCfg = Debug|Any CPU
		{81DDED9D-158B-E303-5F62-77A2896D2A5A}.Debug|Any CPU.Build.0 = Debug|Any CPU
		{81DDED9D-158B-E303-5F62-77A2896D2A5A}.Release|Any CPU.ActiveCfg = Release|Any CPU
		{81DDED9D-158B-E303-5F62-77A2896D2A5A}.Release|Any CPU.Build.0 = Release|Any CPU
	EndGlobalSection
	GlobalSection(SolutionProperties) = preSolution
		HideSolutionNode = FALSE
	EndGlobalSection
	GlobalSection(NestedProjects) = preSolution
		{749A9FE2-FA19-4D32-AFDC-82644F4C37C8} = {6748E114-BC71-4FAF-A8D2-E54B74FA3452}
		{4D6BA897-CBE5-4E28-AF71-3F008C62C96C} = {6748E114-BC71-4FAF-A8D2-E54B74FA3452}
		{3B842231-2A99-4DDC-92AF-B3D2A6EE1845} = {4D6BA897-CBE5-4E28-AF71-3F008C62C96C}
		{EAEBCB8D-060B-4738-8DEB-CCBBB5DD3C3D} = {749A9FE2-FA19-4D32-AFDC-82644F4C37C8}
		{1E39863F-CEDE-4F2C-AFB3-3A619A39A001} = {6748E114-BC71-4FAF-A8D2-E54B74FA3452}
		{BF3486DD-F2FD-4FD9-8E39-B63C0E1B8F2E} = {1E39863F-CEDE-4F2C-AFB3-3A619A39A001}
		{31CC9776-AF63-449E-8E83-8F11ED59B516} = {1E39863F-CEDE-4F2C-AFB3-3A619A39A001}
		{2FDFDF38-CFAE-44F4-B34B-3A045053810F} = {6748E114-BC71-4FAF-A8D2-E54B74FA3452}
		{6208A69E-7530-41F7-8EF9-ED33AA2906C0} = {2FDFDF38-CFAE-44F4-B34B-3A045053810F}
		{FB61F31B-C838-46CA-BD92-09E92E41871C} = {1DF74FCA-6503-47CD-8DC2-6020754C0C76}
		{F32B611C-BD25-4E54-9402-9CB8D6DD2F19} = {5CFB1D4F-9C45-4C97-AC14-A3553B809711}
		{BBDEE3FC-A4CD-424F-A81E-C64BB7CE1BAC} = {F32B611C-BD25-4E54-9402-9CB8D6DD2F19}
		{9D5B84EF-ED3A-4D29-89EC-04A846BE3C85} = {5CFB1D4F-9C45-4C97-AC14-A3553B809711}
		{C854633D-17C6-48A2-BC9C-202D918558F3} = {9D5B84EF-ED3A-4D29-89EC-04A846BE3C85}
		{B28D28B9-BD77-4BF9-9C92-DBCD53A6160C} = {5CFB1D4F-9C45-4C97-AC14-A3553B809711}
		{02EA681E-C7D8-13C7-8484-4AC65E1B71E8} = {5CFB1D4F-9C45-4C97-AC14-A3553B809711}
		{FECBFBB3-FC8B-4EA9-80E4-C418805F2EF9} = {02EA681E-C7D8-13C7-8484-4AC65E1B71E8}
		{76B2E018-C438-4C78-9C82-090704A2A16C} = {02EA681E-C7D8-13C7-8484-4AC65E1B71E8}
		{FD58330D-F0E7-4C76-AED1-FC2DFDF69FC5} = {02EA681E-C7D8-13C7-8484-4AC65E1B71E8}
		{858BFBB9-BF91-4566-AD12-20735BC90C05} = {02EA681E-C7D8-13C7-8484-4AC65E1B71E8}
		{95E56FA7-A29E-47C6-B303-0D1EC2B0CBA0} = {5CFB1D4F-9C45-4C97-AC14-A3553B809711}
		{413E1A36-B570-4E2C-99D2-6A9D461432A5} = {95E56FA7-A29E-47C6-B303-0D1EC2B0CBA0}
		{126CC671-4458-4183-86A7-54A2814CA964} = {5CFB1D4F-9C45-4C97-AC14-A3553B809711}
		{65BB694C-7BAD-4C0B-8BC1-645D7768017E} = {126CC671-4458-4183-86A7-54A2814CA964}
		{4779C608-DAAF-4C11-BFBF-D29FAB8CC015} = {5CFB1D4F-9C45-4C97-AC14-A3553B809711}
		{ADA3BD61-8F80-45C5-B418-DE078DE100CE} = {C96D835B-5441-4147-99F8-1B3672D2DE6C}
		{C96D835B-5441-4147-99F8-1B3672D2DE6C} = {4779C608-DAAF-4C11-BFBF-D29FAB8CC015}
		{2051C0EE-08F1-449A-9B18-26FAB24C0F0C} = {C96D835B-5441-4147-99F8-1B3672D2DE6C}
		{E98349B6-1560-4FA0-A9ED-829CB2141B11} = {2051C0EE-08F1-449A-9B18-26FAB24C0F0C}
		{0E9D1189-AEC2-46A6-9E3C-4A9BBF1EFD99} = {C96D835B-5441-4147-99F8-1B3672D2DE6C}
		{DE553D4A-CAB7-4A8D-B075-6AC5C4A001A4} = {C96D835B-5441-4147-99F8-1B3672D2DE6C}
		{FA7A462C-7BB4-4F33-9343-11BEF9F33EC5} = {C96D835B-5441-4147-99F8-1B3672D2DE6C}
		{BBC16307-A82A-4FDF-B78A-CB3344995D73} = {FA7A462C-7BB4-4F33-9343-11BEF9F33EC5}
		{273E7B68-20D8-41CA-B9C8-E21678429EFD} = {0E9D1189-AEC2-46A6-9E3C-4A9BBF1EFD99}
		{27BAD043-9D23-4EAC-A957-08CB4C8163B2} = {DE553D4A-CAB7-4A8D-B075-6AC5C4A001A4}
	EndGlobalSection
	GlobalSection(ExtensibilityGlobals) = postSolution
		SolutionGuid = {E566C187-4DFE-42EC-BCD8-17B1038973DD}
	EndGlobalSection
EndGlobal
